
Microsoft Visual Studio Solution File, Format Version 12.00
# Visual Studio Express 2012 for Windows Desktop
Project("{8BC9CEB8-8B4A-11D0-8D11-00A0C91BC942}") = "vc12suneido", "vc12suneido.vcxproj", "{0F9BF955-FD38-48A1-BD92-1234F60D43B6}"
	ProjectSection(ProjectDependencies) = postProject
		{4E17EE23-07CD-4D67-8F1D-38FA4D483B2C} = {4E17EE23-07CD-4D67-8F1D-38FA4D483B2C}
	EndProjectSection
EndProject
Project("{8BC9CEB8-8B4A-11D0-8D11-00A0C91BC942}") = "vs12gc65", "vs12gc65\vs12gc65.vcxproj", "{4E17EE23-07CD-4D67-8F1D-38FA4D483B2C}"
EndProject
Global
	GlobalSection(SolutionConfigurationPlatforms) = preSolution
		Debug|Win32 = Debug|Win32
		Release|Win32 = Release|Win32
	EndGlobalSection
	GlobalSection(ProjectConfigurationPlatforms) = postSolution
		{0F9BF955-FD38-48A1-BD92-1234F60D43B6}.Debug|Win32.ActiveCfg = Debug|Win32
		{0F9BF955-FD38-48A1-BD92-1234F60D43B6}.Debug|Win32.Build.0 = Debug|Win32
		{0F9BF955-FD38-48A1-BD92-1234F60D43B6}.Release|Win32.ActiveCfg = Release|Win32
		{0F9BF955-FD38-48A1-BD92-1234F60D43B6}.Release|Win32.Build.0 = Release|Win32
		{4E17EE23-07CD-4D67-8F1D-38FA4D483B2C}.Debug|Win32.ActiveCfg = Debug|Win32
		{4E17EE23-07CD-4D67-8F1D-38FA4D483B2C}.Debug|Win32.Build.0 = Debug|Win32
		{4E17EE23-07CD-4D67-8F1D-38FA4D483B2C}.Release|Win32.ActiveCfg = Release|Win32
		{4E17EE23-07CD-4D67-8F1D-38FA4D483B2C}.Release|Win32.Build.0 = Release|Win32
	EndGlobalSection
	GlobalSection(SolutionProperties) = preSolution
		HideSolutionNode = FALSE
	EndGlobalSection
EndGlobal
