<?xml version="1.0" encoding="utf-8"?>
<Project ToolsVersion="4.0" xmlns="http://schemas.microsoft.com/developer/msbuild/2003">
  <ItemGroup>
    <Filter Include="Source Files">
      <UniqueIdentifier>{4FC737F1-C7A5-4376-A066-2A32D752A2FF}</UniqueIdentifier>
      <Extensions>cpp;c;cc;cxx;def;odl;idl;hpj;bat;asm;asmx</Extensions>
    </Filter>
    <Filter Include="Header Files">
      <UniqueIdentifier>{93995380-89BD-4b04-88EB-625FBE52EBFB}</UniqueIdentifier>
      <Extensions>h;hh;hpp;hxx;hm;inl;inc;xsd</Extensions>
    </Filter>
    <Filter Include="Resource Files">
      <UniqueIdentifier>{67DA6AB6-F800-4c08-8B7A-83BB121AAD01}</UniqueIdentifier>
      <Extensions>rc;ico;cur;bmp;dlg;rc2;rct;bin;rgs;gif;jpg;jpeg;jpe;resx;tiff;tif;png;wav;mfcribbon-ms</Extensions>
    </Filter>
  </ItemGroup>
  <ItemGroup>
    <ClCompile Include="..\richeditole.c">
      <Filter>Source Files</Filter>
    </ClCompile>
    <ClCompile Include="..\alert.cpp">
      <Filter>Source Files</Filter>
    </ClCompile>
    <ClCompile Include="..\alertwin.cpp">
      <Filter>Source Files</Filter>
    </ClCompile>
    <ClCompile Include="..\array.cpp">
      <Filter>Source Files</Filter>
    </ClCompile>
    <ClCompile Include="..\bmalloc.cpp">
      <Filter>Source Files</Filter>
    </ClCompile>
    <ClCompile Include="..\btree.cpp">
      <Filter>Source Files</Filter>
    </ClCompile>
    <ClCompile Include="..\buffer.cpp">
      <Filter>Source Files</Filter>
    </ClCompile>
    <ClCompile Include="..\build.cpp">
      <Filter>Source Files</Filter>
    </ClCompile>
    <ClCompile Include="..\builtinargs.cpp">
      <Filter>Source Files</Filter>
    </ClCompile>
    <ClCompile Include="..\builtins.cpp">
      <Filter>Source Files</Filter>
    </ClCompile>
    <ClCompile Include="..\cachemap.cpp">
      <Filter>Source Files</Filter>
    </ClCompile>
    <ClCompile Include="..\call.cpp">
      <Filter>Source Files</Filter>
    </ClCompile>
    <ClCompile Include="..\callback.cpp">
      <Filter>Source Files</Filter>
    </ClCompile>
    <ClCompile Include="..\catstr.cpp">
      <Filter>Source Files</Filter>
    </ClCompile>
    <ClCompile Include="..\checksum.cpp">
      <Filter>Source Files</Filter>
    </ClCompile>
    <ClCompile Include="..\circlog.cpp">
      <Filter>Source Files</Filter>
    </ClCompile>
    <ClCompile Include="..\cmdlineoptions.cpp">
      <Filter>Source Files</Filter>
    </ClCompile>
    <ClCompile Include="..\cmpic.cpp">
      <Filter>Source Files</Filter>
    </ClCompile>
    <ClCompile Include="..\codecheck.cpp">
      <Filter>Source Files</Filter>
    </ClCompile>
    <ClCompile Include="..\commalist.cpp">
      <Filter>Source Files</Filter>
    </ClCompile>
    <ClCompile Include="..\compile.cpp">
      <Filter>Source Files</Filter>
    </ClCompile>
    <ClCompile Include="..\construct.cpp">
      <Filter>Source Files</Filter>
    </ClCompile>
    <ClCompile Include="..\cvt.cpp">
      <Filter>Source Files</Filter>
    </ClCompile>
    <ClCompile Include="..\database.cpp">
      <Filter>Source Files</Filter>
    </ClCompile>
    <ClCompile Include="..\date.cpp">
      <Filter>Source Files</Filter>
    </ClCompile>
    <ClCompile Include="..\dbcopy.cpp">
      <Filter>Source Files</Filter>
    </ClCompile>
    <ClCompile Include="..\dbhttp.cpp">
      <Filter>Source Files</Filter>
    </ClCompile>
    <ClCompile Include="..\dbms.cpp">
      <Filter>Source Files</Filter>
    </ClCompile>
    <ClCompile Include="..\dbmslocal.cpp">
      <Filter>Source Files</Filter>
    </ClCompile>
    <ClCompile Include="..\dbmsremote.cpp">
      <Filter>Source Files</Filter>
    </ClCompile>
    <ClCompile Include="..\dbserver.cpp">
      <Filter>Source Files</Filter>
    </ClCompile>
    <ClCompile Include="..\dbserverdata.cpp">
      <Filter>Source Files</Filter>
    </ClCompile>
    <ClCompile Include="..\debug.cpp">
      <Filter>Source Files</Filter>
    </ClCompile>
    <ClCompile Include="..\dll.cpp">
      <Filter>Source Files</Filter>
    </ClCompile>
    <ClCompile Include="..\dump.cpp">
      <Filter>Source Files</Filter>
    </ClCompile>
    <ClCompile Include="..\errlog.cpp">
      <Filter>Source Files</Filter>
    </ClCompile>
    <ClCompile Include="..\except.cpp">
      <Filter>Source Files</Filter>
    </ClCompile>
    <ClCompile Include="..\fatal.cpp">
      <Filter>Source Files</Filter>
    </ClCompile>
    <ClCompile Include="..\fibers.cpp">
      <Filter>Source Files</Filter>
    </ClCompile>
    <ClCompile Include="..\func.cpp">
      <Filter>Source Files</Filter>
    </ClCompile>
    <ClCompile Include="..\gcstring.cpp">
      <Filter>Source Files</Filter>
    </ClCompile>
    <ClCompile Include="..\getmacadr.cpp">
      <Filter>Source Files</Filter>
    </ClCompile>
    <ClCompile Include="..\getnum.cpp">
      <Filter>Source Files</Filter>
    </ClCompile>
    <ClCompile Include="..\globals.cpp">
      <Filter>Source Files</Filter>
    </ClCompile>
    <ClCompile Include="..\hashfn.cpp">
      <Filter>Source Files</Filter>
    </ClCompile>
    <ClCompile Include="..\hashmap.cpp">
      <Filter>Source Files</Filter>
    </ClCompile>
    <ClCompile Include="..\index.cpp">
      <Filter>Source Files</Filter>
    </ClCompile>
    <ClCompile Include="..\interp.cpp">
      <Filter>Source Files</Filter>
    </ClCompile>
    <ClCompile Include="..\istream.cpp">
      <Filter>Source Files</Filter>
    </ClCompile>
    <ClCompile Include="..\istreamfile.cpp">
      <Filter>Source Files</Filter>
    </ClCompile>
    <ClCompile Include="..\istreamstr.cpp">
      <Filter>Source Files</Filter>
    </ClCompile>
    <ClCompile Include="..\itostr.cpp">
      <Filter>Source Files</Filter>
    </ClCompile>
    <ClCompile Include="..\library.cpp">
      <Filter>Source Files</Filter>
    </ClCompile>
    <ClCompile Include="..\lisp.cpp">
      <Filter>Source Files</Filter>
    </ClCompile>
    <ClCompile Include="..\literal.cpp">
      <Filter>Source Files</Filter>
    </ClCompile>
    <ClCompile Include="..\load.cpp">
      <Filter>Source Files</Filter>
    </ClCompile>
    <ClCompile Include="..\mmfile.cpp">
      <Filter>Source Files</Filter>
    </ClCompile>
    <ClCompile Include="..\msgloop.cpp">
      <Filter>Source Files</Filter>
    </ClCompile>
    <ClCompile Include="..\named.cpp">
      <Filter>Source Files</Filter>
    </ClCompile>
    <ClCompile Include="..\numlen.cpp">
      <Filter>Source Files</Filter>
    </ClCompile>
    <ClCompile Include="..\opcodes.cpp">
      <Filter>Source Files</Filter>
    </ClCompile>
    <ClCompile Include="..\ostream.cpp">
      <Filter>Source Files</Filter>
    </ClCompile>
    <ClCompile Include="..\ostreamcon.cpp">
      <Filter>Source Files</Filter>
    </ClCompile>
    <ClCompile Include="..\ostreamfile.cpp">
      <Filter>Source Files</Filter>
    </ClCompile>
    <ClCompile Include="..\ostreamstr.cpp">
      <Filter>Source Files</Filter>
    </ClCompile>
    <ClCompile Include="..\pack.cpp">
      <Filter>Source Files</Filter>
    </ClCompile>
    <ClCompile Include="..\params.cpp">
      <Filter>Source Files</Filter>
    </ClCompile>
    <ClCompile Include="..\permheap.cpp">
      <Filter>Source Files</Filter>
    </ClCompile>
    <ClCompile Include="..\portwin32.cpp">
      <Filter>Source Files</Filter>
    </ClCompile>
    <ClCompile Include="..\qcompatible.cpp">
      <Filter>Source Files</Filter>
    </ClCompile>
    <ClCompile Include="..\qdifference.cpp">
      <Filter>Source Files</Filter>
    </ClCompile>
    <ClCompile Include="..\qexpr.cpp">
      <Filter>Source Files</Filter>
    </ClCompile>
    <ClCompile Include="..\qextend.cpp">
      <Filter>Source Files</Filter>
    </ClCompile>
    <ClCompile Include="..\qhistable.cpp">
      <Filter>Source Files</Filter>
    </ClCompile>
    <ClCompile Include="..\qintersect.cpp">
      <Filter>Source Files</Filter>
    </ClCompile>
    <ClCompile Include="..\qjoin.cpp">
      <Filter>Source Files</Filter>
    </ClCompile>
    <ClCompile Include="..\qparser.cpp">
      <Filter>Source Files</Filter>
    </ClCompile>
    <ClCompile Include="..\qproduct.cpp">
      <Filter>Source Files</Filter>
    </ClCompile>
    <ClCompile Include="..\qproject.cpp">
      <Filter>Source Files</Filter>
    </ClCompile>
    <ClCompile Include="..\qrename.cpp">
      <Filter>Source Files</Filter>
    </ClCompile>
    <ClCompile Include="..\qscanner.cpp">
      <Filter>Source Files</Filter>
    </ClCompile>
    <ClCompile Include="..\qselect.cpp">
      <Filter>Source Files</Filter>
    </ClCompile>
    <ClCompile Include="..\qsort.cpp">
      <Filter>Source Files</Filter>
    </ClCompile>
    <ClCompile Include="..\qsummarize.cpp">
      <Filter>Source Files</Filter>
    </ClCompile>
    <ClCompile Include="..\qtable.cpp">
      <Filter>Source Files</Filter>
    </ClCompile>
    <ClCompile Include="..\qtempindex.cpp">
      <Filter>Source Files</Filter>
    </ClCompile>
    <ClCompile Include="..\query.cpp">
      <Filter>Source Files</Filter>
    </ClCompile>
    <ClCompile Include="..\qunion.cpp">
      <Filter>Source Files</Filter>
    </ClCompile>
    <ClCompile Include="..\range.cpp">
      <Filter>Source Files</Filter>
    </ClCompile>
    <ClCompile Include="..\rebuildgui.cpp">
      <Filter>Source Files</Filter>
    </ClCompile>
    <ClCompile Include="..\record.cpp">
      <Filter>Source Files</Filter>
    </ClCompile>
    <ClCompile Include="..\recover.cpp">
      <Filter>Source Files</Filter>
    </ClCompile>
    <ClCompile Include="..\regexp.cpp">
      <Filter>Source Files</Filter>
    </ClCompile>
    <ClCompile Include="..\richeditio.cpp">
      <Filter>Source Files</Filter>
    </ClCompile>
    <ClCompile Include="..\row.cpp">
      <Filter>Source Files</Filter>
    </ClCompile>
    <ClCompile Include="..\runpiped.cpp">
      <Filter>Source Files</Filter>
    </ClCompile>
    <ClCompile Include="..\scanner.cpp">
      <Filter>Source Files</Filter>
    </ClCompile>
    <ClCompile Include="..\scistyle.cpp">
      <Filter>Source Files</Filter>
    </ClCompile>
    <ClCompile Include="..\servereval.cpp">
      <Filter>Source Files</Filter>
    </ClCompile>
    <ClCompile Include="..\sesviews.cpp">
      <Filter>Source Files</Filter>
    </ClCompile>
    <ClCompile Include="..\slots.cpp">
      <Filter>Source Files</Filter>
    </ClCompile>
    <ClCompile Include="..\sockets.cpp">
      <Filter>Source Files</Filter>
    </ClCompile>
    <ClCompile Include="..\splash.cpp">
      <Filter>Source Files</Filter>
    </ClCompile>
    <ClCompile Include="..\structure.cpp">
      <Filter>Source Files</Filter>
    </ClCompile>
    <ClCompile Include="..\suadler32.cpp">
      <Filter>Source Files</Filter>
    </ClCompile>
    <ClCompile Include="..\sublock.cpp">
      <Filter>Source Files</Filter>
    </ClCompile>
    <ClCompile Include="..\suboolean.cpp">
      <Filter>Source Files</Filter>
    </ClCompile>
    <ClCompile Include="..\suclass.cpp">
      <Filter>Source Files</Filter>
    </ClCompile>
    <ClCompile Include="..\sucomobject.cpp">
      <Filter>Source Files</Filter>
    </ClCompile>
    <ClCompile Include="..\sudate.cpp">
      <Filter>Source Files</Filter>
    </ClCompile>
    <ClCompile Include="..\sudb.cpp">
      <Filter>Source Files</Filter>
    </ClCompile>
    <ClCompile Include="..\sufile.cpp">
      <Filter>Source Files</Filter>
    </ClCompile>
    <ClCompile Include="..\sufinalize.cpp">
      <Filter>Source Files</Filter>
    </ClCompile>
    <ClCompile Include="..\sufunction.cpp">
      <Filter>Source Files</Filter>
    </ClCompile>
    <ClCompile Include="..\suimage.cpp">
      <Filter>Source Files</Filter>
    </ClCompile>
    <ClCompile Include="..\sumd5.cpp">
      <Filter>Source Files</Filter>
    </ClCompile>
    <ClCompile Include="..\sumethod.cpp">
      <Filter>Source Files</Filter>
    </ClCompile>
    <ClCompile Include="..\sunapp.cpp">
      <Filter>Source Files</Filter>
    </ClCompile>
    <ClCompile Include="..\suneido.cpp">
      <Filter>Source Files</Filter>
    </ClCompile>
    <ClCompile Include="..\sunumber.cpp">
      <Filter>Source Files</Filter>
    </ClCompile>
    <ClCompile Include="..\suobject.cpp">
      <Filter>Source Files</Filter>
    </ClCompile>
    <ClCompile Include="..\surecord.cpp">
      <Filter>Source Files</Filter>
    </ClCompile>
    <ClCompile Include="..\suscanner.cpp">
      <Filter>Source Files</Filter>
    </ClCompile>
    <ClCompile Include="..\suseq.cpp">
      <Filter>Source Files</Filter>
    </ClCompile>
    <ClCompile Include="..\suservice.cpp">
      <Filter>Source Files</Filter>
    </ClCompile>
    <ClCompile Include="..\susetlocale.cpp">
      <Filter>Source Files</Filter>
    </ClCompile>
    <ClCompile Include="..\susha1.cpp">
      <Filter>Source Files</Filter>
    </ClCompile>
    <ClCompile Include="..\susockets.cpp">
      <Filter>Source Files</Filter>
    </ClCompile>
    <ClCompile Include="..\sustring.cpp">
      <Filter>Source Files</Filter>
    </ClCompile>
    <ClCompile Include="..\suvalue.cpp">
      <Filter>Source Files</Filter>
    </ClCompile>
    <ClCompile Include="..\suwinres.cpp">
      <Filter>Source Files</Filter>
    </ClCompile>
    <ClCompile Include="..\symbols.cpp">
      <Filter>Source Files</Filter>
    </ClCompile>
    <ClCompile Include="..\tempdest.cpp">
      <Filter>Source Files</Filter>
    </ClCompile>
    <ClCompile Include="..\testing.cpp">
      <Filter>Source Files</Filter>
    </ClCompile>
    <ClCompile Include="..\thedb.cpp">
      <Filter>Source Files</Filter>
    </ClCompile>
    <ClCompile Include="..\tr.cpp">
      <Filter>Source Files</Filter>
    </ClCompile>
    <ClCompile Include="..\tracecon.cpp">
      <Filter>Source Files</Filter>
    </ClCompile>
    <ClCompile Include="..\transaction.cpp">
      <Filter>Source Files</Filter>
    </ClCompile>
    <ClCompile Include="..\type.cpp">
      <Filter>Source Files</Filter>
    </ClCompile>
    <ClCompile Include="..\unhandled.cpp">
      <Filter>Source Files</Filter>
    </ClCompile>
    <ClCompile Include="..\usertrigger.cpp">
      <Filter>Source Files</Filter>
    </ClCompile>
    <ClCompile Include="..\value.cpp">
      <Filter>Source Files</Filter>
    </ClCompile>
    <ClCompile Include="..\varint.cpp">
      <Filter>Source Files</Filter>
    </ClCompile>
    <ClCompile Include="..\dupstr.cpp">
      <Filter>Source Files</Filter>
    </ClCompile>
  </ItemGroup>
  <ItemGroup>
    <ResourceCompile Include="..\suneido.rc">
      <Filter>Resource Files</Filter>
    </ResourceCompile>
  </ItemGroup>
  <ItemGroup>
    <ClInclude Include="..\alert.h">
      <Filter>Header Files</Filter>
    </ClInclude>
    <ClInclude Include="..\alertout.h">
      <Filter>Header Files</Filter>
    </ClInclude>
    <ClInclude Include="..\array.h">
      <Filter>Header Files</Filter>
    </ClInclude>
    <ClInclude Include="..\awcursor.h">
      <Filter>Header Files</Filter>
    </ClInclude>
    <ClInclude Include="..\bitmap.h">
      <Filter>Header Files</Filter>
    </ClInclude>
    <ClInclude Include="..\btree.h">
      <Filter>Header Files</Filter>
    </ClInclude>
    <ClInclude Include="..\buffer.h">
      <Filter>Header Files</Filter>
    </ClInclude>
    <ClInclude Include="..\build.h">
      <Filter>Header Files</Filter>
    </ClInclude>
    <ClInclude Include="..\builtinargs.h">
      <Filter>Header Files</Filter>
    </ClInclude>
    <ClInclude Include="..\builtinclass.h">
      <Filter>Header Files</Filter>
    </ClInclude>
    <ClInclude Include="..\cachemap.h">
      <Filter>Header Files</Filter>
    </ClInclude>
    <ClInclude Include="..\call.h">
      <Filter>Header Files</Filter>
    </ClInclude>
    <ClInclude Include="..\callback.h">
      <Filter>Header Files</Filter>
    </ClInclude>
    <ClInclude Include="..\catstr.h">
      <Filter>Header Files</Filter>
    </ClInclude>
    <ClInclude Include="..\checksum.h">
      <Filter>Header Files</Filter>
    </ClInclude>
    <ClInclude Include="..\circlog.h">
      <Filter>Header Files</Filter>
    </ClInclude>
    <ClInclude Include="..\cmdlineoptions.h">
      <Filter>Header Files</Filter>
    </ClInclude>
    <ClInclude Include="..\cmpic.h">
      <Filter>Header Files</Filter>
    </ClInclude>
    <ClInclude Include="..\codecheck.h">
      <Filter>Header Files</Filter>
    </ClInclude>
    <ClInclude Include="..\codevisitor.h">
      <Filter>Header Files</Filter>
    </ClInclude>
    <ClInclude Include="..\commalist.h">
      <Filter>Header Files</Filter>
    </ClInclude>
    <ClInclude Include="..\compile.h">
      <Filter>Header Files</Filter>
    </ClInclude>
    <ClInclude Include="..\construct.h">
      <Filter>Header Files</Filter>
    </ClInclude>
    <ClInclude Include="..\cvt.h">
      <Filter>Header Files</Filter>
    </ClInclude>
    <ClInclude Include="..\database.h">
      <Filter>Header Files</Filter>
    </ClInclude>
    <ClInclude Include="..\date.h">
      <Filter>Header Files</Filter>
    </ClInclude>
    <ClInclude Include="..\dbcopy.h">
      <Filter>Header Files</Filter>
    </ClInclude>
    <ClInclude Include="..\dbghelp.h">
      <Filter>Header Files</Filter>
    </ClInclude>
    <ClInclude Include="..\dbhttp.h">
      <Filter>Header Files</Filter>
    </ClInclude>
    <ClInclude Include="..\dbms.h">
      <Filter>Header Files</Filter>
    </ClInclude>
    <ClInclude Include="..\dbserver.h">
      <Filter>Header Files</Filter>
    </ClInclude>
    <ClInclude Include="..\dbserverdata.h">
      <Filter>Header Files</Filter>
    </ClInclude>
    <ClInclude Include="..\debug.h">
      <Filter>Header Files</Filter>
    </ClInclude>
    <ClInclude Include="..\dir.h">
      <Filter>Header Files</Filter>
    </ClInclude>
    <ClInclude Include="..\dll.h">
      <Filter>Header Files</Filter>
    </ClInclude>
    <ClInclude Include="..\dump.h">
      <Filter>Header Files</Filter>
    </ClInclude>
    <ClInclude Include="..\errlog.h">
      <Filter>Header Files</Filter>
    </ClInclude>
    <ClInclude Include="..\except.h">
      <Filter>Header Files</Filter>
    </ClInclude>
    <ClInclude Include="..\exceptimp.h">
      <Filter>Header Files</Filter>
    </ClInclude>
    <ClInclude Include="..\fatal.h">
      <Filter>Header Files</Filter>
    </ClInclude>
    <ClInclude Include="..\fibers.h">
      <Filter>Header Files</Filter>
    </ClInclude>
    <ClInclude Include="..\func.h">
      <Filter>Header Files</Filter>
    </ClInclude>
    <ClInclude Include="..\gc.h">
      <Filter>Header Files</Filter>
    </ClInclude>
    <ClInclude Include="..\gcstring.h">
      <Filter>Header Files</Filter>
    </ClInclude>
    <ClInclude Include="..\getnum.h">
      <Filter>Header Files</Filter>
    </ClInclude>
    <ClInclude Include="..\globals.h">
      <Filter>Header Files</Filter>
    </ClInclude>
    <ClInclude Include="..\hashfn.h">
      <Filter>Header Files</Filter>
    </ClInclude>
    <ClInclude Include="..\hashmap.h">
      <Filter>Header Files</Filter>
    </ClInclude>
    <ClInclude Include="..\hashsize.h">
      <Filter>Header Files</Filter>
    </ClInclude>
    <ClInclude Include="..\hashtbl.h">
      <Filter>Header Files</Filter>
    </ClInclude>
    <ClInclude Include="..\heap.h">
      <Filter>Header Files</Filter>
    </ClInclude>
    <ClInclude Include="..\index.h">
      <Filter>Header Files</Filter>
    </ClInclude>
    <ClInclude Include="..\interp.h">
      <Filter>Header Files</Filter>
    </ClInclude>
    <ClInclude Include="..\istream.h">
      <Filter>Header Files</Filter>
    </ClInclude>
    <ClInclude Include="..\istreamfile.h">
      <Filter>Header Files</Filter>
    </ClInclude>
    <ClInclude Include="..\istreamstr.h">
      <Filter>Header Files</Filter>
    </ClInclude>
    <ClInclude Include="..\itostr.h">
      <Filter>Header Files</Filter>
    </ClInclude>
    <ClInclude Include="..\keyeq.h">
      <Filter>Header Files</Filter>
    </ClInclude>
    <ClInclude Include="..\library.h">
      <Filter>Header Files</Filter>
    </ClInclude>
    <ClInclude Include="..\lisp.h">
      <Filter>Header Files</Filter>
    </ClInclude>
    <ClInclude Include="..\literal.h">
      <Filter>Header Files</Filter>
    </ClInclude>
    <ClInclude Include="..\load.h">
      <Filter>Header Files</Filter>
    </ClInclude>
    <ClInclude Include="..\md5.h">
      <Filter>Header Files</Filter>
    </ClInclude>
    <ClInclude Include="..\minmax.h">
      <Filter>Header Files</Filter>
    </ClInclude>
    <ClInclude Include="..\mmfile.h">
      <Filter>Header Files</Filter>
    </ClInclude>
    <ClInclude Include="..\mmoffset.h">
      <Filter>Header Files</Filter>
    </ClInclude>
    <ClInclude Include="..\mmtypes.h">
      <Filter>Header Files</Filter>
    </ClInclude>
    <ClInclude Include="..\msgloop.h">
      <Filter>Header Files</Filter>
    </ClInclude>
    <ClInclude Include="..\named.h">
      <Filter>Header Files</Filter>
    </ClInclude>
    <ClInclude Include="..\opcodes.h">
      <Filter>Header Files</Filter>
    </ClInclude>
    <ClInclude Include="..\ostream.h">
      <Filter>Header Files</Filter>
    </ClInclude>
    <ClInclude Include="..\ostreamcon.h">
      <Filter>Header Files</Filter>
    </ClInclude>
    <ClInclude Include="..\ostreamfile.h">
      <Filter>Header Files</Filter>
    </ClInclude>
    <ClInclude Include="..\ostreamstr.h">
      <Filter>Header Files</Filter>
    </ClInclude>
    <ClInclude Include="..\pack.h">
      <Filter>Header Files</Filter>
    </ClInclude>
    <ClInclude Include="..\params.h">
      <Filter>Header Files</Filter>
    </ClInclude>
    <ClInclude Include="..\permheap.h">
      <Filter>Header Files</Filter>
    </ClInclude>
    <ClInclude Include="..\port.h">
      <Filter>Header Files</Filter>
    </ClInclude>
    <ClInclude Include="..\prim.h">
      <Filter>Header Files</Filter>
    </ClInclude>
    <ClInclude Include="..\qcompatible.h">
      <Filter>Header Files</Filter>
    </ClInclude>
    <ClInclude Include="..\qdifference.h">
      <Filter>Header Files</Filter>
    </ClInclude>
    <ClInclude Include="..\qexpr.h">
      <Filter>Header Files</Filter>
    </ClInclude>
    <ClInclude Include="..\qexprimp.h">
      <Filter>Header Files</Filter>
    </ClInclude>
    <ClInclude Include="..\qextend.h">
      <Filter>Header Files</Filter>
    </ClInclude>
    <ClInclude Include="..\qhistable.h">
      <Filter>Header Files</Filter>
    </ClInclude>
    <ClInclude Include="..\qintersect.h">
      <Filter>Header Files</Filter>
    </ClInclude>
    <ClInclude Include="..\qjoin.h">
      <Filter>Header Files</Filter>
    </ClInclude>
    <ClInclude Include="..\qproduct.h">
      <Filter>Header Files</Filter>
    </ClInclude>
    <ClInclude Include="..\qproject.h">
      <Filter>Header Files</Filter>
    </ClInclude>
    <ClInclude Include="..\qrename.h">
      <Filter>Header Files</Filter>
    </ClInclude>
    <ClInclude Include="..\qscanner.h">
      <Filter>Header Files</Filter>
    </ClInclude>
    <ClInclude Include="..\qselect.h">
      <Filter>Header Files</Filter>
    </ClInclude>
    <ClInclude Include="..\qsort.h">
      <Filter>Header Files</Filter>
    </ClInclude>
    <ClInclude Include="..\qsummarize.h">
      <Filter>Header Files</Filter>
    </ClInclude>
    <ClInclude Include="..\qtable.h">
      <Filter>Header Files</Filter>
    </ClInclude>
    <ClInclude Include="..\qtempindex.h">
      <Filter>Header Files</Filter>
    </ClInclude>
    <ClInclude Include="..\query.h">
      <Filter>Header Files</Filter>
    </ClInclude>
    <ClInclude Include="..\queryimp.h">
      <Filter>Header Files</Filter>
    </ClInclude>
    <ClInclude Include="..\qunion.h">
      <Filter>Header Files</Filter>
    </ClInclude>
    <ClInclude Include="..\random.h">
      <Filter>Header Files</Filter>
    </ClInclude>
    <ClInclude Include="..\range.h">
      <Filter>Header Files</Filter>
    </ClInclude>
    <ClInclude Include="..\rebuildgui.h">
      <Filter>Header Files</Filter>
    </ClInclude>
    <ClInclude Include="..\record.h">
      <Filter>Header Files</Filter>
    </ClInclude>
    <ClInclude Include="..\recover.h">
      <Filter>Header Files</Filter>
    </ClInclude>
    <ClInclude Include="..\regexp.h">
      <Filter>Header Files</Filter>
    </ClInclude>
    <ClInclude Include="..\resource.h">
      <Filter>Header Files</Filter>
    </ClInclude>
    <ClInclude Include="..\rich.h">
      <Filter>Header Files</Filter>
    </ClInclude>
    <ClInclude Include="..\row.h">
      <Filter>Header Files</Filter>
    </ClInclude>
    <ClInclude Include="..\scanner.h">
      <Filter>Header Files</Filter>
    </ClInclude>
    <ClInclude Include="..\scintilla.h">
      <Filter>Header Files</Filter>
    </ClInclude>
    <ClInclude Include="..\sesviews.h">
      <Filter>Header Files</Filter>
    </ClInclude>
    <ClInclude Include="..\slots.h">
      <Filter>Header Files</Filter>
    </ClInclude>
    <ClInclude Include="..\sockets.h">
      <Filter>Header Files</Filter>
    </ClInclude>
    <ClInclude Include="..\splash.h">
      <Filter>Header Files</Filter>
    </ClInclude>
    <ClInclude Include="..\std.h">
      <Filter>Header Files</Filter>
    </ClInclude>
    <ClInclude Include="..\strdup.h">
      <Filter>Header Files</Filter>
    </ClInclude>
    <ClInclude Include="..\structure.h">
      <Filter>Header Files</Filter>
    </ClInclude>
    <ClInclude Include="..\sublock.h">
      <Filter>Header Files</Filter>
    </ClInclude>
    <ClInclude Include="..\suboolean.h">
      <Filter>Header Files</Filter>
    </ClInclude>
    <ClInclude Include="..\suclass.h">
      <Filter>Header Files</Filter>
    </ClInclude>
    <ClInclude Include="..\sudate.h">
      <Filter>Header Files</Filter>
    </ClInclude>
    <ClInclude Include="..\sudb.h">
      <Filter>Header Files</Filter>
    </ClInclude>
    <ClInclude Include="..\sufinalize.h">
      <Filter>Header Files</Filter>
    </ClInclude>
    <ClInclude Include="..\sufunction.h">
      <Filter>Header Files</Filter>
    </ClInclude>
    <ClInclude Include="..\sumethod.h">
      <Filter>Header Files</Filter>
    </ClInclude>
    <ClInclude Include="..\sunapp.h">
      <Filter>Header Files</Filter>
    </ClInclude>
    <ClInclude Include="..\sunumber.h">
      <Filter>Header Files</Filter>
    </ClInclude>
    <ClInclude Include="..\suobject.h">
      <Filter>Header Files</Filter>
    </ClInclude>
    <ClInclude Include="..\surecord.h">
      <Filter>Header Files</Filter>
    </ClInclude>
    <ClInclude Include="..\suseq.h">
      <Filter>Header Files</Filter>
    </ClInclude>
    <ClInclude Include="..\suservice.h">
      <Filter>Header Files</Filter>
    </ClInclude>
    <ClInclude Include="..\susockets.h">
      <Filter>Header Files</Filter>
    </ClInclude>
    <ClInclude Include="..\sustring.h">
      <Filter>Header Files</Filter>
    </ClInclude>
    <ClInclude Include="..\suvalue.h">
      <Filter>Header Files</Filter>
    </ClInclude>
    <ClInclude Include="..\suwinres.h">
      <Filter>Header Files</Filter>
    </ClInclude>
    <ClInclude Include="..\symbols.h">
      <Filter>Header Files</Filter>
    </ClInclude>
    <ClInclude Include="..\tempdb.h">
      <Filter>Header Files</Filter>
    </ClInclude>
    <ClInclude Include="..\tempdest.h">
      <Filter>Header Files</Filter>
    </ClInclude>
    <ClInclude Include="..\testing.h">
      <Filter>Header Files</Filter>
    </ClInclude>
    <ClInclude Include="..\testobalert.h">
      <Filter>Header Files</Filter>
    </ClInclude>
    <ClInclude Include="..\testobstd.h">
      <Filter>Header Files</Filter>
    </ClInclude>
    <ClInclude Include="..\thedb.h">
      <Filter>Header Files</Filter>
    </ClInclude>
    <ClInclude Include="..\tr.h">
      <Filter>Header Files</Filter>
    </ClInclude>
    <ClInclude Include="..\trace.h">
      <Filter>Header Files</Filter>
    </ClInclude>
    <ClInclude Include="..\type.h">
      <Filter>Header Files</Filter>
    </ClInclude>
    <ClInclude Include="..\unhandled.h">
      <Filter>Header Files</Filter>
    </ClInclude>
    <ClInclude Include="..\value.h">
      <Filter>Header Files</Filter>
    </ClInclude>
    <ClInclude Include="..\varint.h">
      <Filter>Header Files</Filter>
    </ClInclude>
    <ClInclude Include="..\win.h">
      <Filter>Header Files</Filter>
    </ClInclude>
    <ClInclude Include="..\winlib.h">
      <Filter>Header Files</Filter>
    </ClInclude>
  </ItemGroup>
</Project>