
Microsoft Visual Studio Solution File, Format Version 12.00
# Visual Studio Version 16
VisualStudioVersion = 16.0.28803.202
MinimumVisualStudioVersion = 10.0.40219.1
Project("{8BC9CEB8-8B4A-11D0-8D11-00A0C91BC942}") = "vs2019suneido", "vs2019suneido.vcxproj", "{CE3F57F1-8E48-498D-BDBC-3F46D19331DC}"
	ProjectSection(ProjectDependencies) = postProject
		{BF21E7FA-140F-4728-ABD9-2486A4676012} = {BF21E7FA-140F-4728-ABD9-2486A4676012}
	EndProjectSection
EndProject
Project("{8BC9CEB8-8B4A-11D0-8D11-00A0C91BC942}") = "vs2019gc65", "..\vs2019gc65\vs2019gc65.vcxproj", "{BF21E7FA-140F-4728-ABD9-2486A4676012}"
EndProject
Project("{8BC9CEB8-8B4A-11D0-8D11-00A0C91BC942}") = "vs2019scintilla", "..\vs2019scintilla\win32\SciLexer.vcxproj", "{FBE04237-9C7B-4973-9C60-505975998B39}"
EndProject
Project("{8BC9CEB8-8B4A-11D0-8D11-00A0C91BC942}") = "traccel", "..\traccel\traccel.vcxproj", "{FEE439D0-2246-4F4F-8848-1A4751476DA3}"
EndProject
Global
	GlobalSection(SolutionConfigurationPlatforms) = preSolution
		Debug|Win32 = Debug|Win32
		Debug|x64 = Debug|x64
		Profile|Win32 = Profile|Win32
		Profile|x64 = Profile|x64
		Release|Win32 = Release|Win32
		Release|x64 = Release|x64
	EndGlobalSection
	GlobalSection(ProjectConfigurationPlatforms) = postSolution
		{CE3F57F1-8E48-498D-BDBC-3F46D19331DC}.Debug|Win32.ActiveCfg = Debug|Win32
		{CE3F57F1-8E48-498D-BDBC-3F46D19331DC}.Debug|Win32.Build.0 = Debug|Win32
		{CE3F57F1-8E48-498D-BDBC-3F46D19331DC}.Debug|x64.ActiveCfg = Debug|Win32
		{CE3F57F1-8E48-498D-BDBC-3F46D19331DC}.Profile|Win32.ActiveCfg = Profile|Win32
		{CE3F57F1-8E48-498D-BDBC-3F46D19331DC}.Profile|Win32.Build.0 = Profile|Win32
		{CE3F57F1-8E48-498D-BDBC-3F46D19331DC}.Profile|x64.ActiveCfg = Profile|Win32
		{CE3F57F1-8E48-498D-BDBC-3F46D19331DC}.Release|Win32.ActiveCfg = Release|Win32
		{CE3F57F1-8E48-498D-BDBC-3F46D19331DC}.Release|Win32.Build.0 = Release|Win32
		{CE3F57F1-8E48-498D-BDBC-3F46D19331DC}.Release|x64.ActiveCfg = Release|Win32
		{BF21E7FA-140F-4728-ABD9-2486A4676012}.Debug|Win32.ActiveCfg = Debug|Win32
		{BF21E7FA-140F-4728-ABD9-2486A4676012}.Debug|Win32.Build.0 = Debug|Win32
		{BF21E7FA-140F-4728-ABD9-2486A4676012}.Debug|x64.ActiveCfg = Debug|Win32
		{BF21E7FA-140F-4728-ABD9-2486A4676012}.Profile|Win32.ActiveCfg = Profile|Win32
		{BF21E7FA-140F-4728-ABD9-2486A4676012}.Profile|Win32.Build.0 = Profile|Win32
		{BF21E7FA-140F-4728-ABD9-2486A4676012}.Profile|x64.ActiveCfg = Profile|Win32
		{BF21E7FA-140F-4728-ABD9-2486A4676012}.Release|Win32.ActiveCfg = Release|Win32
		{BF21E7FA-140F-4728-ABD9-2486A4676012}.Release|Win32.Build.0 = Release|Win32
		{BF21E7FA-140F-4728-ABD9-2486A4676012}.Release|x64.ActiveCfg = Release|Win32
		{FBE04237-9C7B-4973-9C60-505975998B39}.Debug|Win32.ActiveCfg = Debug|Win32
		{FBE04237-9C7B-4973-9C60-505975998B39}.Debug|Win32.Build.0 = Debug|Win32
		{FBE04237-9C7B-4973-9C60-505975998B39}.Debug|x64.ActiveCfg = Debug|Win32
		{FBE04237-9C7B-4973-9C60-505975998B39}.Profile|Win32.ActiveCfg = Release|Win32
		{FBE04237-9C7B-4973-9C60-505975998B39}.Profile|Win32.Build.0 = Release|Win32
		{FBE04237-9C7B-4973-9C60-505975998B39}.Profile|x64.ActiveCfg = Profile|Win32
		{FBE04237-9C7B-4973-9C60-505975998B39}.Release|Win32.ActiveCfg = Release|Win32
		{FBE04237-9C7B-4973-9C60-505975998B39}.Release|Win32.Build.0 = Release|Win32
		{FBE04237-9C7B-4973-9C60-505975998B39}.Release|x64.ActiveCfg = Release|Win32
		{FEE439D0-2246-4F4F-8848-1A4751476DA3}.Debug|Win32.ActiveCfg = Debug|Win32
		{FEE439D0-2246-4F4F-8848-1A4751476DA3}.Debug|Win32.Build.0 = Debug|Win32
		{FEE439D0-2246-4F4F-8848-1A4751476DA3}.Debug|x64.ActiveCfg = Debug|x64
		{FEE439D0-2246-4F4F-8848-1A4751476DA3}.Debug|x64.Build.0 = Debug|x64
		{FEE439D0-2246-4F4F-8848-1A4751476DA3}.Profile|Win32.ActiveCfg = Release|Win32
		{FEE439D0-2246-4F4F-8848-1A4751476DA3}.Profile|Win32.Build.0 = Release|Win32
		{FEE439D0-2246-4F4F-8848-1A4751476DA3}.Profile|x64.ActiveCfg = Release|x64
		{FEE439D0-2246-4F4F-8848-1A4751476DA3}.Profile|x64.Build.0 = Release|x64
		{FEE439D0-2246-4F4F-8848-1A4751476DA3}.Release|Win32.ActiveCfg = Release|Win32
		{FEE439D0-2246-4F4F-8848-1A4751476DA3}.Release|Win32.Build.0 = Release|Win32
		{FEE439D0-2246-4F4F-8848-1A4751476DA3}.Release|x64.ActiveCfg = Release|x64
		{FEE439D0-2246-4F4F-8848-1A4751476DA3}.Release|x64.Build.0 = Release|x64
	EndGlobalSection
	GlobalSection(SolutionProperties) = preSolution
		HideSolutionNode = FALSE
	EndGlobalSection
	GlobalSection(ExtensibilityGlobals) = postSolution
		SolutionGuid = {A93FBF8F-67F5-43D0-BB46-B3360B8B1135}
	EndGlobalSection
EndGlobal
