
Microsoft Visual Studio Solution File, Format Version 12.00
# Visual Studio Express 2013 for Windows Desktop
VisualStudioVersion = 12.0.21005.1
MinimumVisualStudioVersion = 10.0.40219.1
Project("{8BC9CEB8-8B4A-11D0-8D11-00A0C91BC942}") = "vs2017suneido", "vs2017suneido.vcxproj", "{CE3F57F1-8E48-498D-BDBC-3F46D19331DC}"
	ProjectSection(ProjectDependencies) = postProject
		{BF21E7FA-140F-4728-ABD9-2486A4676012} = {BF21E7FA-140F-4728-ABD9-2486A4676012}
	EndProjectSection
EndProject
Project("{8BC9CEB8-8B4A-11D0-8D11-00A0C91BC942}") = "vs2017gc65", "..\vs2017gc65\vs2017gc65.vcxproj", "{BF21E7FA-140F-4728-ABD9-2486A4676012}"
EndProject
Global
	GlobalSection(SolutionConfigurationPlatforms) = preSolution
		Debug|Win32 = Debug|Win32
		Release|Win32 = Release|Win32
	EndGlobalSection
	GlobalSection(ProjectConfigurationPlatforms) = postSolution
		{CE3F57F1-8E48-498D-BDBC-3F46D19331DC}.Debug|Win32.ActiveCfg = Debug|Win32
		{CE3F57F1-8E48-498D-BDBC-3F46D19331DC}.Debug|Win32.Build.0 = Debug|Win32
		{CE3F57F1-8E48-498D-BDBC-3F46D19331DC}.Release|Win32.ActiveCfg = Release|Win32
		{CE3F57F1-8E48-498D-BDBC-3F46D19331DC}.Release|Win32.Build.0 = Release|Win32
		{BF21E7FA-140F-4728-ABD9-2486A4676012}.Debug|Win32.ActiveCfg = Debug|Win32
		{BF21E7FA-140F-4728-ABD9-2486A4676012}.Debug|Win32.Build.0 = Debug|Win32
		{BF21E7FA-140F-4728-ABD9-2486A4676012}.Release|Win32.ActiveCfg = Release|Win32
		{BF21E7FA-140F-4728-ABD9-2486A4676012}.Release|Win32.Build.0 = Release|Win32
	EndGlobalSection
	GlobalSection(SolutionProperties) = preSolution
		HideSolutionNode = FALSE
	EndGlobalSection
EndGlobal
